
Microsoft Visual Studio Solution File, Format Version 12.00
# Visual Studio Version 17
VisualStudioVersion = 17.13.35828.75 d17.13
MinimumVisualStudioVersion = 10.0.40219.1
Project("{FAE04EC0-301F-11D3-BF4B-00C04F79EFBC}") = "PalavrimAPI", "PalavrimAPI.csproj", "{074EECC4-3ACB-491A-A869-0CB938AD3367}"
EndProject
Global
	GlobalSection(SolutionConfigurationPlatforms) = preSolution
		Debug|Any CPU = Debug|Any CPU
		Release|Any CPU = Release|Any CPU
	EndGlobalSection
	GlobalSection(ProjectConfigurationPlatforms) = postSolution
		{074EECC4-3ACB-491A-A869-0CB938AD3367}.Debug|Any CPU.ActiveCfg = Debug|Any CPU
		{074EECC4-3ACB-491A-A869-0CB938AD3367}.Debug|Any CPU.Build.0 = Debug|Any CPU
		{074EECC4-3ACB-491A-A869-0CB938AD3367}.Release|Any CPU.ActiveCfg = Release|Any CPU
		{074EECC4-3ACB-491A-A869-0CB938AD3367}.Release|Any CPU.Build.0 = Release|Any CPU
	EndGlobalSection
	GlobalSection(SolutionProperties) = preSolution
		HideSolutionNode = FALSE
	EndGlobalSection
	GlobalSection(ExtensibilityGlobals) = postSolution
		SolutionGuid = {53399391-2065-4A7B-B957-94E6756468C5}
	EndGlobalSection
EndGlobal
